
Microsoft Visual Studio Solution File, Format Version 12.00
# Visual Studio Version 16
VisualStudioVersion = 16.0.29230.47
MinimumVisualStudioVersion = 10.0.40219.1
Project("{FAE04EC0-301F-11D3-BF4B-00C04F79EFBC}") = "ObjectOrientatedLanguage", "ObjectOrientatedLanguage\ObjectOrientatedLanguage.csproj", "{504A1119-D583-4664-AFE1-E2B4655677B4}"
EndProject
Project("{FAE04EC0-301F-11D3-BF4B-00C04F79EFBC}") = "AreasOfThings", "AreasOfThings\AreasOfThings.csproj", "{6B48F550-6B6C-4F3D-BAD8-5C70864F6E5C}"
EndProject
Project("{FAE04EC0-301F-11D3-BF4B-00C04F79EFBC}") = "BestPract", "BestPract\BestPract.csproj", "{8B2605A1-2482-40ED-A7BC-E4DC482862DD}"
EndProject
Project("{FAE04EC0-301F-11D3-BF4B-00C04F79EFBC}") = "Solid Principles", "Solid Principles\Solid Principles.csproj", "{3BA2F81E-77D3-4026-AC42-4127D6C9B3C7}"
EndProject
Global
	GlobalSection(SolutionConfigurationPlatforms) = preSolution
		Debug|Any CPU = Debug|Any CPU
		Release|Any CPU = Release|Any CPU
	EndGlobalSection
	GlobalSection(ProjectConfigurationPlatforms) = postSolution
		{504A1119-D583-4664-AFE1-E2B4655677B4}.Debug|Any CPU.ActiveCfg = Debug|Any CPU
		{504A1119-D583-4664-AFE1-E2B4655677B4}.Debug|Any CPU.Build.0 = Debug|Any CPU
		{504A1119-D583-4664-AFE1-E2B4655677B4}.Release|Any CPU.ActiveCfg = Release|Any CPU
		{504A1119-D583-4664-AFE1-E2B4655677B4}.Release|Any CPU.Build.0 = Release|Any CPU
		{6B48F550-6B6C-4F3D-BAD8-5C70864F6E5C}.Debug|Any CPU.ActiveCfg = Debug|Any CPU
		{6B48F550-6B6C-4F3D-BAD8-5C70864F6E5C}.Debug|Any CPU.Build.0 = Debug|Any CPU
		{6B48F550-6B6C-4F3D-BAD8-5C70864F6E5C}.Release|Any CPU.ActiveCfg = Release|Any CPU
		{6B48F550-6B6C-4F3D-BAD8-5C70864F6E5C}.Release|Any CPU.Build.0 = Release|Any CPU
		{8B2605A1-2482-40ED-A7BC-E4DC482862DD}.Debug|Any CPU.ActiveCfg = Debug|Any CPU
		{8B2605A1-2482-40ED-A7BC-E4DC482862DD}.Debug|Any CPU.Build.0 = Debug|Any CPU
		{8B2605A1-2482-40ED-A7BC-E4DC482862DD}.Release|Any CPU.ActiveCfg = Release|Any CPU
		{8B2605A1-2482-40ED-A7BC-E4DC482862DD}.Release|Any CPU.Build.0 = Release|Any CPU
		{3BA2F81E-77D3-4026-AC42-4127D6C9B3C7}.Debug|Any CPU.ActiveCfg = Debug|Any CPU
		{3BA2F81E-77D3-4026-AC42-4127D6C9B3C7}.Debug|Any CPU.Build.0 = Debug|Any CPU
		{3BA2F81E-77D3-4026-AC42-4127D6C9B3C7}.Release|Any CPU.ActiveCfg = Release|Any CPU
		{3BA2F81E-77D3-4026-AC42-4127D6C9B3C7}.Release|Any CPU.Build.0 = Release|Any CPU
	EndGlobalSection
	GlobalSection(SolutionProperties) = preSolution
		HideSolutionNode = FALSE
	EndGlobalSection
	GlobalSection(ExtensibilityGlobals) = postSolution
		SolutionGuid = {529236AB-04E4-46C4-AC39-9650EFC6ACDF}
	EndGlobalSection
EndGlobal
